
Microsoft Visual Studio Solution File, Format Version 11.00
# Visual Studio 2010
Project("{FAE04EC0-301F-11D3-BF4B-00C04F79EFBC}") = "Unity_Puzzler_Project", "Assembly-CSharp-firstpass.csproj", "{C7509EB0-C1DD-C811-766B-647E8F168105}"
EndProject
Project("{FAE04EC0-301F-11D3-BF4B-00C04F79EFBC}") = "Unity_Puzzler_Project", "Assembly-CSharp.csproj", "{FA9E5AB9-F6F1-2914-DB22-6E1D355CDA12}"
EndProject
Project("{FAE04EC0-301F-11D3-BF4B-00C04F79EFBC}") = "Unity_Puzzler_Project", "Assembly-CSharp-Editor.csproj", "{53C896D0-C804-5157-A3CC-5BF94FCD35AD}"
EndProject
Global
	GlobalSection(SolutionConfigurationPlatforms) = preSolution
		Debug|Any CPU = Debug|Any CPU
		Release|Any CPU = Release|Any CPU
	EndGlobalSection
	GlobalSection(ProjectConfigurationPlatforms) = postSolution
		{C7509EB0-C1DD-C811-766B-647E8F168105}.Debug|Any CPU.ActiveCfg = Debug|Any CPU
		{C7509EB0-C1DD-C811-766B-647E8F168105}.Debug|Any CPU.Build.0 = Debug|Any CPU
		{C7509EB0-C1DD-C811-766B-647E8F168105}.Release|Any CPU.ActiveCfg = Release|Any CPU
		{C7509EB0-C1DD-C811-766B-647E8F168105}.Release|Any CPU.Build.0 = Release|Any CPU
		{FA9E5AB9-F6F1-2914-DB22-6E1D355CDA12}.Debug|Any CPU.ActiveCfg = Debug|Any CPU
		{FA9E5AB9-F6F1-2914-DB22-6E1D355CDA12}.Debug|Any CPU.Build.0 = Debug|Any CPU
		{FA9E5AB9-F6F1-2914-DB22-6E1D355CDA12}.Release|Any CPU.ActiveCfg = Release|Any CPU
		{FA9E5AB9-F6F1-2914-DB22-6E1D355CDA12}.Release|Any CPU.Build.0 = Release|Any CPU
		{53C896D0-C804-5157-A3CC-5BF94FCD35AD}.Debug|Any CPU.ActiveCfg = Debug|Any CPU
		{53C896D0-C804-5157-A3CC-5BF94FCD35AD}.Debug|Any CPU.Build.0 = Debug|Any CPU
		{53C896D0-C804-5157-A3CC-5BF94FCD35AD}.Release|Any CPU.ActiveCfg = Release|Any CPU
		{53C896D0-C804-5157-A3CC-5BF94FCD35AD}.Release|Any CPU.Build.0 = Release|Any CPU
	EndGlobalSection
	GlobalSection(SolutionProperties) = preSolution
		HideSolutionNode = FALSE
	EndGlobalSection
	GlobalSection(MonoDevelopProperties) = preSolution
		StartupItem = Assembly-CSharp.csproj
	EndGlobalSection
EndGlobal
